
Microsoft Visual Studio Solution File, Format Version 12.00
# Visual Studio Version 17
VisualStudioVersion = 17.11.35327.3
MinimumVisualStudioVersion = 10.0.40219.1
Project("{9A19103F-16F7-4668-BE54-9A1E7A4F7556}") = "ASPSTUDENT4", "ASPSTUDENT4\ASPSTUDENT4.csproj", "{6C4DCBA5-16D8-4AF4-83C9-22E666D9CEA2}"
EndProject
Global
	GlobalSection(SolutionConfigurationPlatforms) = preSolution
		Debug|Any CPU = Debug|Any CPU
		Release|Any CPU = Release|Any CPU
	EndGlobalSection
	GlobalSection(ProjectConfigurationPlatforms) = postSolution
		{6C4DCBA5-16D8-4AF4-83C9-22E666D9CEA2}.Debug|Any CPU.ActiveCfg = Debug|Any CPU
		{6C4DCBA5-16D8-4AF4-83C9-22E666D9CEA2}.Debug|Any CPU.Build.0 = Debug|Any CPU
		{6C4DCBA5-16D8-4AF4-83C9-22E666D9CEA2}.Release|Any CPU.ActiveCfg = Release|Any CPU
		{6C4DCBA5-16D8-4AF4-83C9-22E666D9CEA2}.Release|Any CPU.Build.0 = Release|Any CPU
	EndGlobalSection
	GlobalSection(SolutionProperties) = preSolution
		HideSolutionNode = FALSE
	EndGlobalSection
	GlobalSection(ExtensibilityGlobals) = postSolution
		SolutionGuid = {605E2DAB-F3D7-43E4-9DD4-14EE451EE588}
	EndGlobalSection
EndGlobal
